
Microsoft Visual Studio Solution File, Format Version 12.00
# Visual Studio Version 17
VisualStudioVersion = 17.0.31912.275
MinimumVisualStudioVersion = 10.0.40219.1
Project("{FAE04EC0-301F-11D3-BF4B-00C04F79EFBC}") = "ProyectoPTC2022", "ProyectoPTC2022\ProyectoPTC2022.csproj", "{B8FDF59B-BA4A-49A6-AEA3-C291A0C15205}"
EndProject
Global
	GlobalSection(SolutionConfigurationPlatforms) = preSolution
		Debug|Any CPU = Debug|Any CPU
		Release|Any CPU = Release|Any CPU
	EndGlobalSection
	GlobalSection(ProjectConfigurationPlatforms) = postSolution
		{B8FDF59B-BA4A-49A6-AEA3-C291A0C15205}.Debug|Any CPU.ActiveCfg = Debug|Any CPU
		{B8FDF59B-BA4A-49A6-AEA3-C291A0C15205}.Debug|Any CPU.Build.0 = Debug|Any CPU
		{B8FDF59B-BA4A-49A6-AEA3-C291A0C15205}.Release|Any CPU.ActiveCfg = Release|Any CPU
		{B8FDF59B-BA4A-49A6-AEA3-C291A0C15205}.Release|Any CPU.Build.0 = Release|Any CPU
	EndGlobalSection
	GlobalSection(SolutionProperties) = preSolution
		HideSolutionNode = FALSE
	EndGlobalSection
	GlobalSection(ExtensibilityGlobals) = postSolution
		SolutionGuid = {A20E6560-5D40-43C8-8F80-2E4F8E82A122}
	EndGlobalSection
EndGlobal
